Microsoft Visual Studio Solution File, Format Version 11.00
# Visual Studio 2008

Project("{F0AC556F-2CFA-C383-7EFB-72F9CAF6DA25}") = "Frogger_v2", "Assembly-CSharp.csproj", "{80E11DB2-D398-2815-2458-3BBD6804E7EA}"
EndProject
Global
	GlobalSection(SolutionConfigurationPlatforms) = preSolution
		Debug|Any CPU = Debug|Any CPU
		Release|Any CPU = Release|Any CPU
	EndGlobalSection
	GlobalSection(ProjectConfigurationPlatforms) = postSolution
		{80E11DB2-D398-2815-2458-3BBD6804E7EA}.Debug|Any CPU.ActiveCfg = Debug|Any CPU
		{80E11DB2-D398-2815-2458-3BBD6804E7EA}.Debug|Any CPU.Build.0 = Debug|Any CPU
		{80E11DB2-D398-2815-2458-3BBD6804E7EA}.Release|Any CPU.ActiveCfg = Release|Any CPU
		{80E11DB2-D398-2815-2458-3BBD6804E7EA}.Release|Any CPU.Build.0 = Release|Any CPU
	EndGlobalSection
	GlobalSection(SolutionProperties) = preSolution
		HideSolutionNode = FALSE
	EndGlobalSection
	GlobalSection(MonoDevelopProperties) = preSolution
		StartupItem = Assembly-CSharp.csproj
	EndGlobalSection
EndGlobal
